
Microsoft Visual Studio Solution File, Format Version 11.00
# Visual Studio 2010
Project("{FAE04EC0-301F-11D3-BF4B-00C04F79EFBC}") = "Grader", "Grader\Grader.csproj", "{A8001116-C3BE-4A35-9677-52C33C5C7922}"
EndProject
Project("{FAE04EC0-301F-11D3-BF4B-00C04F79EFBC}") = "TableOCR", "TableOCR\TableOCR.csproj", "{F1213444-68AD-4C9C-A0A9-22E571412CCD}"
EndProject
Project("{FAE04EC0-301F-11D3-BF4B-00C04F79EFBC}") = "RegisterProcessor", "RegisterProcessor\RegisterProcessor.csproj", "{55037F42-399A-4261-BC29-33B84315F5F4}"
EndProject
Project("{FAE04EC0-301F-11D3-BF4B-00C04F79EFBC}") = "GradeSorter", "GradeSorter\GradeSorter.csproj", "{32D946F6-43C7-48D5-B3C4-D25844A19FB8}"
EndProject
Project("{FAE04EC0-301F-11D3-BF4B-00C04F79EFBC}") = "GradeOCR", "GradeOCR\GradeOCR.csproj", "{510CB01C-1284-4535-9312-798760B6C55E}"
EndProject
Project("{FAE04EC0-301F-11D3-BF4B-00C04F79EFBC}") = "OCRUtil", "OCRUtil\OCRUtil.csproj", "{AED92FEE-AE6E-46C3-8DED-B22539DFBC81}"
EndProject
Project("{FAE04EC0-301F-11D3-BF4B-00C04F79EFBC}") = "DigestDatabase", "DigestDatabase\DigestDatabase.csproj", "{3AD4FF6C-2D46-4077-8A3E-B367A2BB97DF}"
EndProject
Global
	GlobalSection(SolutionConfigurationPlatforms) = preSolution
		Debug|x86 = Debug|x86
		Release|x86 = Release|x86
	EndGlobalSection
	GlobalSection(ProjectConfigurationPlatforms) = postSolution
		{A8001116-C3BE-4A35-9677-52C33C5C7922}.Debug|x86.ActiveCfg = Debug|x86
		{A8001116-C3BE-4A35-9677-52C33C5C7922}.Debug|x86.Build.0 = Debug|x86
		{A8001116-C3BE-4A35-9677-52C33C5C7922}.Release|x86.ActiveCfg = Release|x86
		{A8001116-C3BE-4A35-9677-52C33C5C7922}.Release|x86.Build.0 = Release|x86
		{F1213444-68AD-4C9C-A0A9-22E571412CCD}.Debug|x86.ActiveCfg = Debug|x86
		{F1213444-68AD-4C9C-A0A9-22E571412CCD}.Debug|x86.Build.0 = Debug|x86
		{F1213444-68AD-4C9C-A0A9-22E571412CCD}.Release|x86.ActiveCfg = Release|x86
		{F1213444-68AD-4C9C-A0A9-22E571412CCD}.Release|x86.Build.0 = Release|x86
		{55037F42-399A-4261-BC29-33B84315F5F4}.Debug|x86.ActiveCfg = Debug|x86
		{55037F42-399A-4261-BC29-33B84315F5F4}.Debug|x86.Build.0 = Debug|x86
		{55037F42-399A-4261-BC29-33B84315F5F4}.Release|x86.ActiveCfg = Release|x86
		{55037F42-399A-4261-BC29-33B84315F5F4}.Release|x86.Build.0 = Release|x86
		{32D946F6-43C7-48D5-B3C4-D25844A19FB8}.Debug|x86.ActiveCfg = Debug|x86
		{32D946F6-43C7-48D5-B3C4-D25844A19FB8}.Debug|x86.Build.0 = Debug|x86
		{32D946F6-43C7-48D5-B3C4-D25844A19FB8}.Release|x86.ActiveCfg = Release|x86
		{32D946F6-43C7-48D5-B3C4-D25844A19FB8}.Release|x86.Build.0 = Release|x86
		{510CB01C-1284-4535-9312-798760B6C55E}.Debug|x86.ActiveCfg = Debug|x86
		{510CB01C-1284-4535-9312-798760B6C55E}.Debug|x86.Build.0 = Debug|x86
		{510CB01C-1284-4535-9312-798760B6C55E}.Release|x86.ActiveCfg = Release|x86
		{510CB01C-1284-4535-9312-798760B6C55E}.Release|x86.Build.0 = Release|x86
		{AED92FEE-AE6E-46C3-8DED-B22539DFBC81}.Debug|x86.ActiveCfg = Debug|x86
		{AED92FEE-AE6E-46C3-8DED-B22539DFBC81}.Debug|x86.Build.0 = Debug|x86
		{AED92FEE-AE6E-46C3-8DED-B22539DFBC81}.Release|x86.ActiveCfg = Release|x86
		{AED92FEE-AE6E-46C3-8DED-B22539DFBC81}.Release|x86.Build.0 = Release|x86
		{3AD4FF6C-2D46-4077-8A3E-B367A2BB97DF}.Debug|x86.ActiveCfg = Debug|x86
		{3AD4FF6C-2D46-4077-8A3E-B367A2BB97DF}.Debug|x86.Build.0 = Debug|x86
		{3AD4FF6C-2D46-4077-8A3E-B367A2BB97DF}.Release|x86.ActiveCfg = Release|x86
		{3AD4FF6C-2D46-4077-8A3E-B367A2BB97DF}.Release|x86.Build.0 = Release|x86
	EndGlobalSection
	GlobalSection(SolutionProperties) = preSolution
		HideSolutionNode = FALSE
	EndGlobalSection
EndGlobal
